
Microsoft Visual Studio Solution File, Format Version 12.00
# Visual Studio Version 17
VisualStudioVersion = 17.0.32014.148
MinimumVisualStudioVersion = 10.0.40219.1
Project("{2150E333-8FDC-42A3-9474-1A3956D46DE8}") = "src", "src", "{5783E330-9B58-4B47-ADBC-DD925BBA0909}"
EndProject
Project("{2150E333-8FDC-42A3-9474-1A3956D46DE8}") = "Core", "Core", "{B6781EA0-C6AF-413C-AB68-FB02C0C37927}"
EndProject
Project("{FAE04EC0-301F-11D3-BF4B-00C04F79EFBC}") = "VirtualAcademy.Domain", "VirtualAcademy.Domain\VirtualAcademy.Domain.csproj", "{FA8AB134-E260-412B-BFB1-31FE56473AC2}"
EndProject
Global
	GlobalSection(SolutionConfigurationPlatforms) = preSolution
		Debug|Any CPU = Debug|Any CPU
		Release|Any CPU = Release|Any CPU
	EndGlobalSection
	GlobalSection(ProjectConfigurationPlatforms) = postSolution
		{FA8AB134-E260-412B-BFB1-31FE56473AC2}.Debug|Any CPU.ActiveCfg = Debug|Any CPU
		{FA8AB134-E260-412B-BFB1-31FE56473AC2}.Debug|Any CPU.Build.0 = Debug|Any CPU
		{FA8AB134-E260-412B-BFB1-31FE56473AC2}.Release|Any CPU.ActiveCfg = Release|Any CPU
		{FA8AB134-E260-412B-BFB1-31FE56473AC2}.Release|Any CPU.Build.0 = Release|Any CPU
	EndGlobalSection
	GlobalSection(SolutionProperties) = preSolution
		HideSolutionNode = FALSE
	EndGlobalSection
	GlobalSection(NestedProjects) = preSolution
		{B6781EA0-C6AF-413C-AB68-FB02C0C37927} = {5783E330-9B58-4B47-ADBC-DD925BBA0909}
		{FA8AB134-E260-412B-BFB1-31FE56473AC2} = {B6781EA0-C6AF-413C-AB68-FB02C0C37927}
	EndGlobalSection
	GlobalSection(ExtensibilityGlobals) = postSolution
		SolutionGuid = {A2A007E6-1C52-4129-B35D-5AAFE286154A}
	EndGlobalSection
EndGlobal
