
Microsoft Visual Studio Solution File, Format Version 12.00
# Visual Studio Version 17
VisualStudioVersion = 17.0.32014.148
MinimumVisualStudioVersion = 10.0.40219.1
Project("{9A19103F-16F7-4668-BE54-9A1E7A4F7556}") = "Lab1_ex1_ex2_ex6", "Lab1_ex1\Lab1_ex1_ex2_ex6.csproj", "{02799EE0-C63D-41E5-B3C2-186254009E60}"
EndProject
Project("{9A19103F-16F7-4668-BE54-9A1E7A4F7556}") = "Lab1_ex3", "Lab1_ex3\Lab1_ex3.csproj", "{9A25D790-5D50-40FE-B94A-48705A66EC29}"
EndProject
Project("{9A19103F-16F7-4668-BE54-9A1E7A4F7556}") = "Lab1_ex4", "Lab1_ex4\Lab1_ex4.csproj", "{7BCD22EA-4537-4784-BB32-8FF34CB483A4}"
EndProject
Project("{9A19103F-16F7-4668-BE54-9A1E7A4F7556}") = "Lab1_ex5", "Lab1_ex5\Lab1_ex5.csproj", "{0AC366DA-D1FA-42EB-ACF8-2FE5BD3A9BC1}"
EndProject
Project("{9A19103F-16F7-4668-BE54-9A1E7A4F7556}") = "Lab1_ex7_ex8", "Lab1_ex7\Lab1_ex7_ex8.csproj", "{66D50D2E-9AC5-4A91-8AF0-A1AF3E04A76A}"
EndProject
Global
	GlobalSection(SolutionConfigurationPlatforms) = preSolution
		Debug|Any CPU = Debug|Any CPU
		Release|Any CPU = Release|Any CPU
	EndGlobalSection
	GlobalSection(ProjectConfigurationPlatforms) = postSolution
		{02799EE0-C63D-41E5-B3C2-186254009E60}.Debug|Any CPU.ActiveCfg = Debug|Any CPU
		{02799EE0-C63D-41E5-B3C2-186254009E60}.Debug|Any CPU.Build.0 = Debug|Any CPU
		{02799EE0-C63D-41E5-B3C2-186254009E60}.Release|Any CPU.ActiveCfg = Release|Any CPU
		{02799EE0-C63D-41E5-B3C2-186254009E60}.Release|Any CPU.Build.0 = Release|Any CPU
		{9A25D790-5D50-40FE-B94A-48705A66EC29}.Debug|Any CPU.ActiveCfg = Debug|Any CPU
		{9A25D790-5D50-40FE-B94A-48705A66EC29}.Debug|Any CPU.Build.0 = Debug|Any CPU
		{9A25D790-5D50-40FE-B94A-48705A66EC29}.Release|Any CPU.ActiveCfg = Release|Any CPU
		{9A25D790-5D50-40FE-B94A-48705A66EC29}.Release|Any CPU.Build.0 = Release|Any CPU
		{7BCD22EA-4537-4784-BB32-8FF34CB483A4}.Debug|Any CPU.ActiveCfg = Debug|Any CPU
		{7BCD22EA-4537-4784-BB32-8FF34CB483A4}.Debug|Any CPU.Build.0 = Debug|Any CPU
		{7BCD22EA-4537-4784-BB32-8FF34CB483A4}.Release|Any CPU.ActiveCfg = Release|Any CPU
		{7BCD22EA-4537-4784-BB32-8FF34CB483A4}.Release|Any CPU.Build.0 = Release|Any CPU
		{0AC366DA-D1FA-42EB-ACF8-2FE5BD3A9BC1}.Debug|Any CPU.ActiveCfg = Debug|Any CPU
		{0AC366DA-D1FA-42EB-ACF8-2FE5BD3A9BC1}.Debug|Any CPU.Build.0 = Debug|Any CPU
		{0AC366DA-D1FA-42EB-ACF8-2FE5BD3A9BC1}.Release|Any CPU.ActiveCfg = Release|Any CPU
		{0AC366DA-D1FA-42EB-ACF8-2FE5BD3A9BC1}.Release|Any CPU.Build.0 = Release|Any CPU
		{66D50D2E-9AC5-4A91-8AF0-A1AF3E04A76A}.Debug|Any CPU.ActiveCfg = Debug|Any CPU
		{66D50D2E-9AC5-4A91-8AF0-A1AF3E04A76A}.Debug|Any CPU.Build.0 = Debug|Any CPU
		{66D50D2E-9AC5-4A91-8AF0-A1AF3E04A76A}.Release|Any CPU.ActiveCfg = Release|Any CPU
		{66D50D2E-9AC5-4A91-8AF0-A1AF3E04A76A}.Release|Any CPU.Build.0 = Release|Any CPU
	EndGlobalSection
	GlobalSection(SolutionProperties) = preSolution
		HideSolutionNode = FALSE
	EndGlobalSection
	GlobalSection(ExtensibilityGlobals) = postSolution
		SolutionGuid = {BCDF0002-73C6-443D-A091-63D3AF821E66}
	EndGlobalSection
EndGlobal
